
Microsoft Visual Studio Solution File, Format Version 12.00
# Visual Studio Version 17
VisualStudioVersion = 17.5.33530.505
MinimumVisualStudioVersion = 10.0.40219.1
Project("{9A19103F-16F7-4668-BE54-9A1E7A4F7556}") = "CalculatorPractice", "CalculatorPractice\CalculatorPractice.csproj", "{AB952FBA-5776-44C1-88A7-D7FF889C1553}"
EndProject
Global
	GlobalSection(SolutionConfigurationPlatforms) = preSolution
		Debug|Any CPU = Debug|Any CPU
		Release|Any CPU = Release|Any CPU
	EndGlobalSection
	GlobalSection(ProjectConfigurationPlatforms) = postSolution
		{AB952FBA-5776-44C1-88A7-D7FF889C1553}.Debug|Any CPU.ActiveCfg = Debug|Any CPU
		{AB952FBA-5776-44C1-88A7-D7FF889C1553}.Debug|Any CPU.Build.0 = Debug|Any CPU
		{AB952FBA-5776-44C1-88A7-D7FF889C1553}.Release|Any CPU.ActiveCfg = Release|Any CPU
		{AB952FBA-5776-44C1-88A7-D7FF889C1553}.Release|Any CPU.Build.0 = Release|Any CPU
	EndGlobalSection
	GlobalSection(SolutionProperties) = preSolution
		HideSolutionNode = FALSE
	EndGlobalSection
	GlobalSection(ExtensibilityGlobals) = postSolution
		SolutionGuid = {424F324B-8EEC-40A0-997B-3FB5E2646FA8}
	EndGlobalSection
EndGlobal
